
Microsoft Visual Studio Solution File, Format Version 12.00
# Visual Studio Version 17
VisualStudioVersion = 17.8.34525.116
MinimumVisualStudioVersion = 10.0.40219.1
Project("{FAE04EC0-301F-11D3-BF4B-00C04F79EFBC}") = "Assignment1", "Assignment1.csproj", "{4E11A6AD-895D-4803-A767-BAA0F9964490}"
EndProject
Global
	GlobalSection(SolutionConfigurationPlatforms) = preSolution
		Debug|Any CPU = Debug|Any CPU
		Release|Any CPU = Release|Any CPU
	EndGlobalSection
	GlobalSection(ProjectConfigurationPlatforms) = postSolution
		{4E11A6AD-895D-4803-A767-BAA0F9964490}.Debug|Any CPU.ActiveCfg = Debug|Any CPU
		{4E11A6AD-895D-4803-A767-BAA0F9964490}.Debug|Any CPU.Build.0 = Debug|Any CPU
		{4E11A6AD-895D-4803-A767-BAA0F9964490}.Release|Any CPU.ActiveCfg = Release|Any CPU
		{4E11A6AD-895D-4803-A767-BAA0F9964490}.Release|Any CPU.Build.0 = Release|Any CPU
	EndGlobalSection
	GlobalSection(SolutionProperties) = preSolution
		HideSolutionNode = FALSE
	EndGlobalSection
	GlobalSection(ExtensibilityGlobals) = postSolution
		SolutionGuid = {0B19E067-23F2-4F66-BEF6-103574E18D29}
	EndGlobalSection
EndGlobal
